// !$*UTF8*$!
{
	archiveVersion = 1;
	classes = {
	};
	objectVersion = 50;
	objects = {

/* Begin PBXBuildFile section */
		B0CDF6E122B7EFCD004B45B9 /* AppDelegate.swift in Sources */ = {isa = PBXBuildFile; fileRef = B0CDF6E022B7EFCD004B45B9 /* AppDelegate.swift */; };
		B0CDF6E322B7EFCD004B45B9 /* ViewController.swift in Sources */ = {isa = PBXBuildFile; fileRef = B0CDF6E222B7EFCD004B45B9 /* ViewController.swift */; };
		B0CDF6E622B7EFCD004B45B9 /* Main.storyboard in Resources */ = {isa = PBXBuildFile; fileRef = B0CDF6E422B7EFCD004B45B9 /* Main.storyboard */; };
		B0CDF6E822B7EFD1004B45B9 /* Assets.xcassets in Resources */ = {isa = PBXBuildFile; fileRef = B0CDF6E722B7EFD1004B45B9 /* Assets.xcassets */; };
		B0CDF6EB22B7EFD1004B45B9 /* LaunchScreen.storyboard in Resources */ = {isa = PBXBuildFile; fileRef = B0CDF6E922B7EFD1004B45B9 /* LaunchScreen.storyboard */; };
/* End PBXBuildFile section */

/* Begin PBXFileReference section */
		B0CDF6DD22B7EFCD004B45B9 /* ConcentrationGame.app */ = {isa = PBXFileReference; explicitFileType = wrapper.application; includeInIndex = 0; path = ConcentrationGame.app; sourceTree = BUILT_PRODUCTS_DIR; };
		B0CDF6E022B7EFCD004B45B9 /* AppDelegate.swift */ = {isa = PBXFileReference; lastKnownFileType = sourcecode.swift; path = AppDelegate.swift; sourceTree = "<group>"; };
		B0CDF6E222B7EFCD004B45B9 /* ViewController.swift */ = {isa = PBXFileReference; lastKnownFileType = sourcecode.swift; path = ViewController.swift; sourceTree = "<group>"; };
		B0CDF6E522B7EFCD004B45B9 /* Base */ = {isa = PBXFileReference; lastKnownFileType = file.storyboard; name = Base; path = Base.lproj/Main.storyboard; sourceTree = "<group>"; };
		B0CDF6E722B7EFD1004B45B9 /* Assets.xcassets */ = {isa = PBXFileReference; lastKnownFileType = folder.assetcatalog; path = Assets.xcassets; sourceTree = "<group>"; };
		B0CDF6EA22B7EFD1004B45B9 /* Base */ = {isa = PBXFileReference; lastKnownFileType = file.storyboard; name = Base; path = Base.lproj/LaunchScreen.storyboard; sourceTree = "<group>"; };
		B0CDF6EC22B7EFD1004B45B9 /* Info.plist */ = {isa = PBXFileReference; lastKnownFileType = text.plist.xml; path = Info.plist; sourceTree = "<group>"; };
/* End PBXFileReference section */

/* Begin PBXFrameworksBuildPhase section */
		B0CDF6DA22B7EFCD004B45B9 /* Frameworks */ = {
			isa = PBXFrameworksBuildPhase;
			buildActionMask = 2147483647;
			files = (
			);
			runOnlyForDeploymentPostprocessing = 0;
		};
/* End PBXFrameworksBuildPhase section */

/* Begin PBXGroup section */
		B0CDF6D422B7EFCD004B45B9 = {
			isa = PBXGroup;
			children = (
				B0CDF6DF22B7EFCD004B45B9 /* ConcentrationGame */,
				B0CDF6DE22B7EFCD004B45B9 /* Products */,
			);
			sourceTree = "<group>";
		};
		B0CDF6DE22B7EFCD004B45B9 /* Products */ = {
			isa = PBXGroup;
			children = (
				B0CDF6DD22B7EFCD004B45B9 /* ConcentrationGame.app */,
			);
			name = Products;
			sourceTree = "<group>";
		};
		B0CDF6DF22B7EFCD004B45B9 /* ConcentrationGame */ = {
			isa = PBXGroup;
			children = (
				B0CDF6E022B7EFCD004B45B9 /* AppDelegate.swift */,
				B0CDF6E222B7EFCD004B45B9 /* ViewController.swift */,
				B0CDF6E422B7EFCD004B45B9 /* Main.storyboard */,
				B0CDF6E722B7EFD1004B45B9 /* Assets.xcassets */,
				B0CDF6E922B7EFD1004B45B9 /* LaunchScreen.storyboard */,
				B0CDF6EC22B7EFD1004B45B9 /* Info.plist */,
			);
			path = ConcentrationGame;
			sourceTree = "<group>";
		};
/* End PBXGroup section */

/* Begin PBXNativeTarget section */
		B0CDF6DC22B7EFCD004B45B9 /* ConcentrationGame */ = {
			isa = PBXNativeTarget;
			buildConfigurationList = B0CDF6EF22B7EFD1004B45B9 /* Build configuration list for PBXNativeTarget "ConcentrationGame" */;
			buildPhases = (
				B0CDF6D922B7EFCD004B45B9 /* Sources */,
				B0CDF6DA22B7EFCD004B45B9 /* Frameworks */,
				B0CDF6DB22B7EFCD004B45B9 /* Resources */,
			);
			buildRules = (
			);
			dependencies = (
			);
			name = ConcentrationGame;
			productName = ConcentrationGame;
			productReference = B0CDF6DD22B7EFCD004B45B9 /* ConcentrationGame.app */;
			productType = "com.apple.product-type.application";
		};
/* End PBXNativeTarget section */

/* Begin PBXProject section */
		B0CDF6D522B7EFCD004B45B9 /* Project object */ = {
			isa = PBXProject;
			attributes = {
				LastSwiftUpdateCheck = 1020;
				LastUpgradeCheck = 1020;
				ORGANIZATIONNAME = "Anton Gladyr";
				TargetAttributes = {
					B0CDF6DC22B7EFCD004B45B9 = {
						CreatedOnToolsVersion = 10.2.1;
					};
				};
			};
			buildConfigurationList = B0CDF6D822B7EFCD004B45B9 /* Build configuration list for PBXProject "ConcentrationGame" */;
			compatibilityVersion = "Xcode 9.3";
			developmentRegion = en;
			hasScannedForEncodings = 0;
			knownRegions = (
				en,
				Base,
			);
			mainGroup = B0CDF6D422B7EFCD004B45B9;
			productRefGroup = B0CDF6DE22B7EFCD004B45B9 /* Products */;
			projectDirPath = "";
			projectRoot = "";
			targets = (
				B0CDF6DC22B7EFCD004B45B9 /* ConcentrationGame */,
			);
		};
/* End PBXProject section */

/* Begin PBXResourcesBuildPhase section */
		B0CDF6DB22B7EFCD004B45B9 /* Resources */ = {
			isa = PBXResourcesBuildPhase;
			buildActionMask = 2147483647;
			files = (
				B0CDF6EB22B7EFD1004B45B9 /* LaunchScreen.storyboard in Resources */,
				B0CDF6E822B7EFD1004B45B9 /* Assets.xcassets in Resources */,
				B0CDF6E622B7EFCD004B45B9 /* Main.storyboard in Resources */,
			);
			runOnlyForDeploymentPostprocessing = 0;
		};
/* End PBXResourcesBuildPhase section */

/* Begin PBXSourcesBuildPhase section */
		B0CDF6D922B7EFCD004B45B9 /* Sources */ = {
			isa = PBXSourcesBuildPhase;
			buildActionMask = 2147483647;
			files = (
				B0CDF6E322B7EFCD004B45B9 /* ViewController.swift in Sources */,
				B0CDF6E122B7EFCD004B45B9 /* AppDelegate.swift in Sources */,
			);
			runOnlyForDeploymentPostprocessing = 0;
		};
/* End PBXSourcesBuildPhase section */

/* Begin PBXVariantGroup section */
		B0CDF6E422B7EFCD004B45B9 /* Main.storyboard */ = {
			isa = PBXVariantGroup;
			children = (
				B0CDF6E522B7EFCD004B45B9 /* Base */,
			);
			name = Main.storyboard;
			sourceTree = "<group>";
		};
		B0CDF6E922B7EFD1004B45B9 /* LaunchScreen.storyboard */ = {
			isa = PBXVariantGroup;
			children = (
				B0CDF6EA22B7EFD1004B45B9 /* Base */,
			);
			name = LaunchScreen.storyboard;
			sourceTree = "<group>";
		};
/* End PBXVariantGroup section */

/* Begin XCBuildConfiguration section */
		B0CDF6ED22B7EFD1004B45B9 /* Debug */ = {
			isa = XCBuildConfiguration;
			buildSettings = {
				ALWAYS_SEARCH_USER_PATHS = NO;
				CLANG_ANALYZER_NONNULL = YES;
				CLANG_ANALYZER_NUMBER_OBJECT_CONVERSION = YES_AGGRESSIVE;
				CLANG_CXX_LANGUAGE_STANDARD = "gnu++14";
				CLANG_CXX_LIBRARY = "libc++";
				CLANG_ENABLE_MODULES = YES;
				CLANG_ENABLE_OBJC_ARC = YES;
				CLANG_ENABLE_OBJC_WEAK = YES;
				CLANG_WARN_BLOCK_CAPTURE_AUTORELEASING = YES;
				CLANG_WARN_BOOL_CONVERSION = YES;
				CLANG_WARN_COMMA = YES;
				CLANG_WARN_CONSTANT_CONVERSION = YES;
				CLANG_WARN_DEPRECATED_OBJC_IMPLEMENTATIONS = YES;
				CLANG_WARN_DIRECT_OBJC_ISA_USAGE = YES_ERROR;
				CLANG_WARN_DOCUMENTATION_COMMENTS = YES;
				CLANG_WARN_EMPTY_BODY = YES;
				CLANG_WARN_ENUM_CONVERSION = YES;
				CLANG_WARN_INFINITE_RECURSION = YES;
				CLANG_WARN_INT_CONVERSION = YES;
				CLANG_WARN_NON_LITERAL_NULL_CONVERSION = YES;
				CLANG_WARN_OBJC_IMPLICIT_RETAIN_SELF = YES;
				CLANG_WARN_OBJC_LITERAL_CONVERSION = YES;
				CLANG_WARN_OBJC_ROOT_CLASS = YES_ERROR;
				CLANG_WARN_RANGE_LOOP_ANALYSIS = YES;
				CLANG_WARN_STRICT_PROTOTYPES = YES;
				CLANG_WARN_SUSPICIOUS_MOVE = YES;
				CLANG_WARN_UNGUARDED_AVAILABILITY = YES_AGGRESSIVE;
				CLANG_WARN_UNREACHABLE_CODE = YES;
				CLANG_WARN__DUPLICATE_METHOD_MATCH = YES;
				CODE_SIGN_IDENTITY = "iPhone Developer";
				COPY_PHASE_STRIP = NO;
				DEBUG_INFORMATION_FORMAT = dwarf;
				ENABLE_STRICT_OBJC_MSGSEND = YES;
				ENABLE_TESTABILITY = YES;
				GCC_C_LANGUAGE_STANDARD = gnu11;
				GCC_DYNAMIC_NO_PIC = NO;
				GCC_NO_COMMON_BLOCKS = YES;
				GCC_OPTIMIZATION_LEVEL = 0;
				GCC_PREPROCESSOR_DEFINITIONS = (
					"DEBUG=1",
					"$(inherited)",
				);
				GCC_WARN_64_TO_32_BIT_CONVERSION = YES;
				GCC_WARN_ABOUT_RETURN_TYPE = YES_ERROR;
				GCC_WARN_UNDECLARED_SELECTOR = YES;
				GCC_WARN_UNINITIALIZED_AUTOS = YES_AGGRESSIVE;
				GCC_WARN_UNUSED_FUNCTION = YES;
				GCC_WARN_UNUSED_VARIABLE = YES;
				IPHONEOS_DEPLOYMENT_TARGET = 12.2;
				MTL_ENABLE_DEBUG_INFO = INCLUDE_SOURCE;
				MTL_FAST_MATH = YES;
				ONLY_ACTIVE_ARCH = YES;
				SDKROOT = iphoneos;
				SWIFT_ACTIVE_COMPILATION_CONDITIONS = DEBUG;
				SWIFT_OPTIMIZATION_LEVEL = "-Onone";
			};
			name = Debug;
		};
		B0CDF6EE22B7EFD1004B45B9 /* Release */ = {
			isa = XCBuildConfiguration;
			buildSettings = {
				ALWAYS_SEARCH_USER_PATHS = NO;
				CLANG_ANALYZER_NONNULL = YES;
				CLANG_ANALYZER_NUMBER_OBJECT_CONVERSION = YES_AGGRESSIVE;
				CLANG_CXX_LANGUAGE_STANDARD = "gnu++14";
				CLANG_CXX_LIBRARY = "libc++";
				CLANG_ENABLE_MODULES = YES;
				CLANG_ENABLE_OBJC_ARC = YES;
				CLANG_ENABLE_OBJC_WEAK = YES;
				CLANG_WARN_BLOCK_CAPTURE_AUTORELEASING = YES;
				CLANG_WARN_BOOL_CONVERSION = YES;
				CLANG_WARN_COMMA = YES;
				CLANG_WARN_CONSTANT_CONVERSION = YES;
				CLANG_WARN_DEPRECATED_OBJC_IMPLEMENTATIONS = YES;
				CLANG_WARN_DIRECT_OBJC_ISA_USAGE = YES_ERROR;
				CLANG_WARN_DOCUMENTATION_COMMENTS = YES;
				CLANG_WARN_EMPTY_BODY = YES;
				CLANG_WARN_ENUM_CONVERSION = YES;
				CLANG_WARN_INFINITE_RECURSION = YES;
				CLANG_WARN_INT_CONVERSION = YES;
				CLANG_WARN_NON_LITERAL_NULL_CONVERSION = YES;
				CLANG_WARN_OBJC_IMPLICIT_RETAIN_SELF = YES;
				CLANG_WARN_OBJC_LITERAL_CONVERSION = YES;
				CLANG_WARN_OBJC_ROOT_CLASS = YES_ERROR;
				CLANG_WARN_RANGE_LOOP_ANALYSIS = YES;
				CLANG_WARN_STRICT_PROTOTYPES = YES;
				CLANG_WARN_SUSPICIOUS_MOVE = YES;
				CLANG_WARN_UNGUARDED_AVAILABILITY = YES_AGGRESSIVE;
				CLANG_WARN_UNREACHABLE_CODE = YES;
				CLANG_WARN__DUPLICATE_METHOD_MATCH = YES;
				CODE_SIGN_IDENTITY = "iPhone Developer";
				COPY_PHASE_STRIP = NO;
				DEBUG_INFORMATION_FORMAT = "dwarf-with-dsym";
				ENABLE_NS_ASSERTIONS = NO;
				ENABLE_STRICT_OBJC_MSGSEND = YES;
				GCC_C_LANGUAGE_STANDARD = gnu11;
				GCC_NO_COMMON_BLOCKS = YES;
				GCC_WARN_64_TO_32_BIT_CONVERSION = YES;
				GCC_WARN_ABOUT_RETURN_TYPE = YES_ERROR;
				GCC_WARN_UNDECLARED_SELECTOR = YES;
				GCC_WARN_UNINITIALIZED_AUTOS = YES_AGGRESSIVE;
				GCC_WARN_UNUSED_FUNCTION = YES;
				GCC_WARN_UNUSED_VARIABLE = YES;
				IPHONEOS_DEPLOYMENT_TARGET = 12.2;
				MTL_ENABLE_DEBUG_INFO = NO;
				MTL_FAST_MATH = YES;
				SDKROOT = iphoneos;
				SWIFT_COMPILATION_MODE = wholemodule;
				SWIFT_OPTIMIZATION_LEVEL = "-O";
				VALIDATE_PRODUCT = YES;
			};
			name = Release;
		};
		B0CDF6F022B7EFD1004B45B9 /* Debug */ = {
			isa = XCBuildConfiguration;
			buildSettings = {
				ASSETCATALOG_COMPILER_APPICON_NAME = AppIcon;
				CODE_SIGN_STYLE = Automatic;
				DEVELOPMENT_TEAM = 4SBMU8M747;
				INFOPLIST_FILE = ConcentrationGame/Info.plist;
				LD_RUNPATH_SEARCH_PATHS = (
					"$(inherited)",
					"@executable_path/Frameworks",
				);
				PRODUCT_BUNDLE_IDENTIFIER = MyBundle.ConcentrationGame;
				PRODUCT_NAME = "$(TARGET_NAME)";
				SWIFT_VERSION = 5.0;
				TARGETED_DEVICE_FAMILY = "1,2";
			};
			name = Debug;
		};
		B0CDF6F122B7EFD1004B45B9 /* Release */ = {
			isa = XCBuildConfiguration;
			buildSettings = {
				ASSETCATALOG_COMPILER_APPICON_NAME = AppIcon;
				CODE_SIGN_STYLE = Automatic;
				DEVELOPMENT_TEAM = 4SBMU8M747;
				INFOPLIST_FILE = ConcentrationGame/Info.plist;
				LD_RUNPATH_SEARCH_PATHS = (
					"$(inherited)",
					"@executable_path/Frameworks",
				);
				PRODUCT_BUNDLE_IDENTIFIER = MyBundle.ConcentrationGame;
				PRODUCT_NAME = "$(TARGET_NAME)";
				SWIFT_VERSION = 5.0;
				TARGETED_DEVICE_FAMILY = "1,2";
			};
			name = Release;
		};
/* End XCBuildConfiguration section */

/* Begin XCConfigurationList section */
		B0CDF6D822B7EFCD004B45B9 /* Build configuration list for PBXProject "ConcentrationGame" */ = {
			isa = XCConfigurationList;
			buildConfigurations = (
				B0CDF6ED22B7EFD1004B45B9 /* Debug */,
				B0CDF6EE22B7EFD1004B45B9 /* Release */,
			);
			defaultConfigurationIsVisible = 0;
			defaultConfigurationName = Release;
		};
		B0CDF6EF22B7EFD1004B45B9 /* Build configuration list for PBXNativeTarget "ConcentrationGame" */ = {
			isa = XCConfigurationList;
			buildConfigurations = (
				B0CDF6F022B7EFD1004B45B9 /* Debug */,
				B0CDF6F122B7EFD1004B45B9 /* Release */,
			);
			defaultConfigurationIsVisible = 0;
			defaultConfigurationName = Release;
		};
/* End XCConfigurationList section */
	};
	rootObject = B0CDF6D522B7EFCD004B45B9 /* Project object */;
}
